// !$*UTF8*$!
{
	archiveVersion = 1;
	classes = {
	};
	objectVersion = 50;
	objects = {

/* Begin PBXBuildFile section */
		F9709805214701AF009DEC43 /* AppDelegate.swift in Sources */ = {isa = PBXBuildFile; fileRef = F9709804214701AF009DEC43 /* AppDelegate.swift */; };
		F9709807214701AF009DEC43 /* ViewController.swift in Sources */ = {isa = PBXBuildFile; fileRef = F9709806214701AF009DEC43 /* ViewController.swift */; };
		F970980A214701AF009DEC43 /* Main.storyboard in Resources */ = {isa = PBXBuildFile; fileRef = F9709808214701AF009DEC43 /* Main.storyboard */; };
		F970980C214701B2009DEC43 /* Assets.xcassets in Resources */ = {isa = PBXBuildFile; fileRef = F970980B214701B2009DEC43 /* Assets.xcassets */; };
		F970980F214701B2009DEC43 /* LaunchScreen.storyboard in Resources */ = {isa = PBXBuildFile; fileRef = F970980D214701B2009DEC43 /* LaunchScreen.storyboard */; };
		F970981A214701B2009DEC43 /* CountTests.swift in Sources */ = {isa = PBXBuildFile; fileRef = F9709819214701B2009DEC43 /* CountTests.swift */; };
		F9709825214701B2009DEC43 /* CountUITests.swift in Sources */ = {isa = PBXBuildFile; fileRef = F9709824214701B2009DEC43 /* CountUITests.swift */; };
		F9709835214703AA009DEC43 /* スマブラピーチ.png in Resources */ = {isa = PBXBuildFile; fileRef = F9709834214703AA009DEC43 /* スマブラピーチ.png */; };
/* End PBXBuildFile section */

/* Begin PBXContainerItemProxy section */
		F9709816214701B2009DEC43 /* PBXContainerItemProxy */ = {
			isa = PBXContainerItemProxy;
			containerPortal = F97097F9214701AF009DEC43 /* Project object */;
			proxyType = 1;
			remoteGlobalIDString = F9709800214701AF009DEC43;
			remoteInfo = Count;
		};
		F9709821214701B2009DEC43 /* PBXContainerItemProxy */ = {
			isa = PBXContainerItemProxy;
			containerPortal = F97097F9214701AF009DEC43 /* Project object */;
			proxyType = 1;
			remoteGlobalIDString = F9709800214701AF009DEC43;
			remoteInfo = Count;
		};
/* End PBXContainerItemProxy section */

/* Begin PBXFileReference section */
		F9709801214701AF009DEC43 /* Count.app */ = {isa = PBXFileReference; explicitFileType = wrapper.application; includeInIndex = 0; path = Count.app; sourceTree = BUILT_PRODUCTS_DIR; };
		F9709804214701AF009DEC43 /* AppDelegate.swift */ = {isa = PBXFileReference; lastKnownFileType = sourcecode.swift; path = AppDelegate.swift; sourceTree = "<group>"; };
		F9709806214701AF009DEC43 /* ViewController.swift */ = {isa = PBXFileReference; lastKnownFileType = sourcecode.swift; path = ViewController.swift; sourceTree = "<group>"; };
		F9709809214701AF009DEC43 /* Base */ = {isa = PBXFileReference; lastKnownFileType = file.storyboard; name = Base; path = Base.lproj/Main.storyboard; sourceTree = "<group>"; };
		F970980B214701B2009DEC43 /* Assets.xcassets */ = {isa = PBXFileReference; lastKnownFileType = folder.assetcatalog; path = Assets.xcassets; sourceTree = "<group>"; };
		F970980E214701B2009DEC43 /* Base */ = {isa = PBXFileReference; lastKnownFileType = file.storyboard; name = Base; path = Base.lproj/LaunchScreen.storyboard; sourceTree = "<group>"; };
		F9709810214701B2009DEC43 /* Info.plist */ = {isa = PBXFileReference; lastKnownFileType = text.plist.xml; path = Info.plist; sourceTree = "<group>"; };
		F9709815214701B2009DEC43 /* CountTests.xctest */ = {isa = PBXFileReference; explicitFileType = wrapper.cfbundle; includeInIndex = 0; path = CountTests.xctest; sourceTree = BUILT_PRODUCTS_DIR; };
		F9709819214701B2009DEC43 /* CountTests.swift */ = {isa = PBXFileReference; lastKnownFileType = sourcecode.swift; path = CountTests.swift; sourceTree = "<group>"; };
		F970981B214701B2009DEC43 /* Info.plist */ = {isa = PBXFileReference; lastKnownFileType = text.plist.xml; path = Info.plist; sourceTree = "<group>"; };
		F9709820214701B2009DEC43 /* CountUITests.xctest */ = {isa = PBXFileReference; explicitFileType = wrapper.cfbundle; includeInIndex = 0; path = CountUITests.xctest; sourceTree = BUILT_PRODUCTS_DIR; };
		F9709824214701B2009DEC43 /* CountUITests.swift */ = {isa = PBXFileReference; lastKnownFileType = sourcecode.swift; path = CountUITests.swift; sourceTree = "<group>"; };
		F9709826214701B2009DEC43 /* Info.plist */ = {isa = PBXFileReference; lastKnownFileType = text.plist.xml; path = Info.plist; sourceTree = "<group>"; };
		F9709834214703AA009DEC43 /* スマブラピーチ.png */ = {isa = PBXFileReference; lastKnownFileType = image.png; path = "スマブラピーチ.png"; sourceTree = "<group>"; };
/* End PBXFileReference section */

/* Begin PBXFrameworksBuildPhase section */
		F97097FE214701AF009DEC43 /* Frameworks */ = {
			isa = PBXFrameworksBuildPhase;
			buildActionMask = 2147483647;
			files = (
			);
			runOnlyForDeploymentPostprocessing = 0;
		};
		F9709812214701B2009DEC43 /* Frameworks */ = {
			isa = PBXFrameworksBuildPhase;
			buildActionMask = 2147483647;
			files = (
			);
			runOnlyForDeploymentPostprocessing = 0;
		};
		F970981D214701B2009DEC43 /* Frameworks */ = {
			isa = PBXFrameworksBuildPhase;
			buildActionMask = 2147483647;
			files = (
			);
			runOnlyForDeploymentPostprocessing = 0;
		};
/* End PBXFrameworksBuildPhase section */

/* Begin PBXGroup section */
		F97097F8214701AF009DEC43 = {
			isa = PBXGroup;
			children = (
				F9709803214701AF009DEC43 /* Count */,
				F9709818214701B2009DEC43 /* CountTests */,
				F9709823214701B2009DEC43 /* CountUITests */,
				F9709802214701AF009DEC43 /* Products */,
			);
			sourceTree = "<group>";
		};
		F9709802214701AF009DEC43 /* Products */ = {
			isa = PBXGroup;
			children = (
				F9709801214701AF009DEC43 /* Count.app */,
				F9709815214701B2009DEC43 /* CountTests.xctest */,
				F9709820214701B2009DEC43 /* CountUITests.xctest */,
			);
			name = Products;
			sourceTree = "<group>";
		};
		F9709803214701AF009DEC43 /* Count */ = {
			isa = PBXGroup;
			children = (
				F9709834214703AA009DEC43 /* スマブラピーチ.png */,
				F9709804214701AF009DEC43 /* AppDelegate.swift */,
				F9709806214701AF009DEC43 /* ViewController.swift */,
				F9709808214701AF009DEC43 /* Main.storyboard */,
				F970980B214701B2009DEC43 /* Assets.xcassets */,
				F970980D214701B2009DEC43 /* LaunchScreen.storyboard */,
				F9709810214701B2009DEC43 /* Info.plist */,
			);
			path = Count;
			sourceTree = "<group>";
		};
		F9709818214701B2009DEC43 /* CountTests */ = {
			isa = PBXGroup;
			children = (
				F9709819214701B2009DEC43 /* CountTests.swift */,
				F970981B214701B2009DEC43 /* Info.plist */,
			);
			path = CountTests;
			sourceTree = "<group>";
		};
		F9709823214701B2009DEC43 /* CountUITests */ = {
			isa = PBXGroup;
			children = (
				F9709824214701B2009DEC43 /* CountUITests.swift */,
				F9709826214701B2009DEC43 /* Info.plist */,
			);
			path = CountUITests;
			sourceTree = "<group>";
		};
/* End PBXGroup section */

/* Begin PBXNativeTarget section */
		F9709800214701AF009DEC43 /* Count */ = {
			isa = PBXNativeTarget;
			buildConfigurationList = F9709829214701B2009DEC43 /* Build configuration list for PBXNativeTarget "Count" */;
			buildPhases = (
				F97097FD214701AF009DEC43 /* Sources */,
				F97097FE214701AF009DEC43 /* Frameworks */,
				F97097FF214701AF009DEC43 /* Resources */,
			);
			buildRules = (
			);
			dependencies = (
			);
			name = Count;
			productName = Count;
			productReference = F9709801214701AF009DEC43 /* Count.app */;
			productType = "com.apple.product-type.application";
		};
		F9709814214701B2009DEC43 /* CountTests */ = {
			isa = PBXNativeTarget;
			buildConfigurationList = F970982C214701B2009DEC43 /* Build configuration list for PBXNativeTarget "CountTests" */;
			buildPhases = (
				F9709811214701B2009DEC43 /* Sources */,
				F9709812214701B2009DEC43 /* Frameworks */,
				F9709813214701B2009DEC43 /* Resources */,
			);
			buildRules = (
			);
			dependencies = (
				F9709817214701B2009DEC43 /* PBXTargetDependency */,
			);
			name = CountTests;
			productName = CountTests;
			productReference = F9709815214701B2009DEC43 /* CountTests.xctest */;
			productType = "com.apple.product-type.bundle.unit-test";
		};
		F970981F214701B2009DEC43 /* CountUITests */ = {
			isa = PBXNativeTarget;
			buildConfigurationList = F970982F214701B2009DEC43 /* Build configuration list for PBXNativeTarget "CountUITests" */;
			buildPhases = (
				F970981C214701B2009DEC43 /* Sources */,
				F970981D214701B2009DEC43 /* Frameworks */,
				F970981E214701B2009DEC43 /* Resources */,
			);
			buildRules = (
			);
			dependencies = (
				F9709822214701B2009DEC43 /* PBXTargetDependency */,
			);
			name = CountUITests;
			productName = CountUITests;
			productReference = F9709820214701B2009DEC43 /* CountUITests.xctest */;
			productType = "com.apple.product-type.bundle.ui-testing";
		};
/* End PBXNativeTarget section */

/* Begin PBXProject section */
		F97097F9214701AF009DEC43 /* Project object */ = {
			isa = PBXProject;
			attributes = {
				LastSwiftUpdateCheck = 0940;
				LastUpgradeCheck = 0940;
				ORGANIZATIONNAME = "ryohei suzuki";
				TargetAttributes = {
					F9709800214701AF009DEC43 = {
						CreatedOnToolsVersion = 9.4.1;
					};
					F9709814214701B2009DEC43 = {
						CreatedOnToolsVersion = 9.4.1;
						TestTargetID = F9709800214701AF009DEC43;
					};
					F970981F214701B2009DEC43 = {
						CreatedOnToolsVersion = 9.4.1;
						TestTargetID = F9709800214701AF009DEC43;
					};
				};
			};
			buildConfigurationList = F97097FC214701AF009DEC43 /* Build configuration list for PBXProject "Count" */;
			compatibilityVersion = "Xcode 9.3";
			developmentRegion = en;
			hasScannedForEncodings = 0;
			knownRegions = (
				en,
				Base,
			);
			mainGroup = F97097F8214701AF009DEC43;
			productRefGroup = F9709802214701AF009DEC43 /* Products */;
			projectDirPath = "";
			projectRoot = "";
			targets = (
				F9709800214701AF009DEC43 /* Count */,
				F9709814214701B2009DEC43 /* CountTests */,
				F970981F214701B2009DEC43 /* CountUITests */,
			);
		};
/* End PBXProject section */

/* Begin PBXResourcesBuildPhase section */
		F97097FF214701AF009DEC43 /* Resources */ = {
			isa = PBXResourcesBuildPhase;
			buildActionMask = 2147483647;
			files = (
				F970980F214701B2009DEC43 /* LaunchScreen.storyboard in Resources */,
				F970980C214701B2009DEC43 /* Assets.xcassets in Resources */,
				F970980A214701AF009DEC43 /* Main.storyboard in Resources */,
				F9709835214703AA009DEC43 /* スマブラピーチ.png in Resources */,
			);
			runOnlyForDeploymentPostprocessing = 0;
		};
		F9709813214701B2009DEC43 /* Resources */ = {
			isa = PBXResourcesBuildPhase;
			buildActionMask = 2147483647;
			files = (
			);
			runOnlyForDeploymentPostprocessing = 0;
		};
		F970981E214701B2009DEC43 /* Resources */ = {
			isa = PBXResourcesBuildPhase;
			buildActionMask = 2147483647;
			files = (
			);
			runOnlyForDeploymentPostprocessing = 0;
		};
/* End PBXResourcesBuildPhase section */

/* Begin PBXSourcesBuildPhase section */
		F97097FD214701AF009DEC43 /* Sources */ = {
			isa = PBXSourcesBuildPhase;
			buildActionMask = 2147483647;
			files = (
				F9709807214701AF009DEC43 /* ViewController.swift in Sources */,
				F9709805214701AF009DEC43 /* AppDelegate.swift in Sources */,
			);
			runOnlyForDeploymentPostprocessing = 0;
		};
		F9709811214701B2009DEC43 /* Sources */ = {
			isa = PBXSourcesBuildPhase;
			buildActionMask = 2147483647;
			files = (
				F970981A214701B2009DEC43 /* CountTests.swift in Sources */,
			);
			runOnlyForDeploymentPostprocessing = 0;
		};
		F970981C214701B2009DEC43 /* Sources */ = {
			isa = PBXSourcesBuildPhase;
			buildActionMask = 2147483647;
			files = (
				F9709825214701B2009DEC43 /* CountUITests.swift in Sources */,
			);
			runOnlyForDeploymentPostprocessing = 0;
		};
/* End PBXSourcesBuildPhase section */

/* Begin PBXTargetDependency section */
		F9709817214701B2009DEC43 /* PBXTargetDependency */ = {
			isa = PBXTargetDependency;
			target = F9709800214701AF009DEC43 /* Count */;
			targetProxy = F9709816214701B2009DEC43 /* PBXContainerItemProxy */;
		};
		F9709822214701B2009DEC43 /* PBXTargetDependency */ = {
			isa = PBXTargetDependency;
			target = F9709800214701AF009DEC43 /* Count */;
			targetProxy = F9709821214701B2009DEC43 /* PBXContainerItemProxy */;
		};
/* End PBXTargetDependency section */

/* Begin PBXVariantGroup section */
		F9709808214701AF009DEC43 /* Main.storyboard */ = {
			isa = PBXVariantGroup;
			children = (
				F9709809214701AF009DEC43 /* Base */,
			);
			name = Main.storyboard;
			sourceTree = "<group>";
		};
		F970980D214701B2009DEC43 /* LaunchScreen.storyboard */ = {
			isa = PBXVariantGroup;
			children = (
				F970980E214701B2009DEC43 /* Base */,
			);
			name = LaunchScreen.storyboard;
			sourceTree = "<group>";
		};
/* End PBXVariantGroup section */

/* Begin XCBuildConfiguration section */
		F9709827214701B2009DEC43 /* Debug */ = {
			isa = XCBuildConfiguration;
			buildSettings = {
				ALWAYS_SEARCH_USER_PATHS = NO;
				CLANG_ANALYZER_NONNULL = YES;
				CLANG_ANALYZER_NUMBER_OBJECT_CONVERSION = YES_AGGRESSIVE;
				CLANG_CXX_LANGUAGE_STANDARD = "gnu++14";
				CLANG_CXX_LIBRARY = "libc++";
				CLANG_ENABLE_MODULES = YES;
				CLANG_ENABLE_OBJC_ARC = YES;
				CLANG_ENABLE_OBJC_WEAK = YES;
				CLANG_WARN_BLOCK_CAPTURE_AUTORELEASING = YES;
				CLANG_WARN_BOOL_CONVERSION = YES;
				CLANG_WARN_COMMA = YES;
				CLANG_WARN_CONSTANT_CONVERSION = YES;
				CLANG_WARN_DEPRECATED_OBJC_IMPLEMENTATIONS = YES;
				CLANG_WARN_DIRECT_OBJC_ISA_USAGE = YES_ERROR;
				CLANG_WARN_DOCUMENTATION_COMMENTS = YES;
				CLANG_WARN_EMPTY_BODY = YES;
				CLANG_WARN_ENUM_CONVERSION = YES;
				CLANG_WARN_INFINITE_RECURSION = YES;
				CLANG_WARN_INT_CONVERSION = YES;
				CLANG_WARN_NON_LITERAL_NULL_CONVERSION = YES;
				CLANG_WARN_OBJC_IMPLICIT_RETAIN_SELF = YES;
				CLANG_WARN_OBJC_LITERAL_CONVERSION = YES;
				CLANG_WARN_OBJC_ROOT_CLASS = YES_ERROR;
				CLANG_WARN_RANGE_LOOP_ANALYSIS = YES;
				CLANG_WARN_STRICT_PROTOTYPES = YES;
				CLANG_WARN_SUSPICIOUS_MOVE = YES;
				CLANG_WARN_UNGUARDED_AVAILABILITY = YES_AGGRESSIVE;
				CLANG_WARN_UNREACHABLE_CODE = YES;
				CLANG_WARN__DUPLICATE_METHOD_MATCH = YES;
				CODE_SIGN_IDENTITY = "iPhone Developer";
				COPY_PHASE_STRIP = NO;
				DEBUG_INFORMATION_FORMAT = dwarf;
				ENABLE_STRICT_OBJC_MSGSEND = YES;
				ENABLE_TESTABILITY = YES;
				GCC_C_LANGUAGE_STANDARD = gnu11;
				GCC_DYNAMIC_NO_PIC = NO;
				GCC_NO_COMMON_BLOCKS = YES;
				GCC_OPTIMIZATION_LEVEL = 0;
				GCC_PREPROCESSOR_DEFINITIONS = (
					"DEBUG=1",
					"$(inherited)",
				);
				GCC_WARN_64_TO_32_BIT_CONVERSION = YES;
				GCC_WARN_ABOUT_RETURN_TYPE = YES_ERROR;
				GCC_WARN_UNDECLARED_SELECTOR = YES;
				GCC_WARN_UNINITIALIZED_AUTOS = YES_AGGRESSIVE;
				GCC_WARN_UNUSED_FUNCTION = YES;
				GCC_WARN_UNUSED_VARIABLE = YES;
				IPHONEOS_DEPLOYMENT_TARGET = 11.4;
				MTL_ENABLE_DEBUG_INFO = YES;
				ONLY_ACTIVE_ARCH = YES;
				SDKROOT = iphoneos;
				SWIFT_ACTIVE_COMPILATION_CONDITIONS = DEBUG;
				SWIFT_OPTIMIZATION_LEVEL = "-Onone";
			};
			name = Debug;
		};
		F9709828214701B2009DEC43 /* Release */ = {
			isa = XCBuildConfiguration;
			buildSettings = {
				ALWAYS_SEARCH_USER_PATHS = NO;
				CLANG_ANALYZER_NONNULL = YES;
				CLANG_ANALYZER_NUMBER_OBJECT_CONVERSION = YES_AGGRESSIVE;
				CLANG_CXX_LANGUAGE_STANDARD = "gnu++14";
				CLANG_CXX_LIBRARY = "libc++";
				CLANG_ENABLE_MODULES = YES;
				CLANG_ENABLE_OBJC_ARC = YES;
				CLANG_ENABLE_OBJC_WEAK = YES;
				CLANG_WARN_BLOCK_CAPTURE_AUTORELEASING = YES;
				CLANG_WARN_BOOL_CONVERSION = YES;
				CLANG_WARN_COMMA = YES;
				CLANG_WARN_CONSTANT_CONVERSION = YES;
				CLANG_WARN_DEPRECATED_OBJC_IMPLEMENTATIONS = YES;
				CLANG_WARN_DIRECT_OBJC_ISA_USAGE = YES_ERROR;
				CLANG_WARN_DOCUMENTATION_COMMENTS = YES;
				CLANG_WARN_EMPTY_BODY = YES;
				CLANG_WARN_ENUM_CONVERSION = YES;
				CLANG_WARN_INFINITE_RECURSION = YES;
				CLANG_WARN_INT_CONVERSION = YES;
				CLANG_WARN_NON_LITERAL_NULL_CONVERSION = YES;
				CLANG_WARN_OBJC_IMPLICIT_RETAIN_SELF = YES;
				CLANG_WARN_OBJC_LITERAL_CONVERSION = YES;
				CLANG_WARN_OBJC_ROOT_CLASS = YES_ERROR;
				CLANG_WARN_RANGE_LOOP_ANALYSIS = YES;
				CLANG_WARN_STRICT_PROTOTYPES = YES;
				CLANG_WARN_SUSPICIOUS_MOVE = YES;
				CLANG_WARN_UNGUARDED_AVAILABILITY = YES_AGGRESSIVE;
				CLANG_WARN_UNREACHABLE_CODE = YES;
				CLANG_WARN__DUPLICATE_METHOD_MATCH = YES;
				CODE_SIGN_IDENTITY = "iPhone Developer";
				COPY_PHASE_STRIP = NO;
				DEBUG_INFORMATION_FORMAT = "dwarf-with-dsym";
				ENABLE_NS_ASSERTIONS = NO;
				ENABLE_STRICT_OBJC_MSGSEND = YES;
				GCC_C_LANGUAGE_STANDARD = gnu11;
				GCC_NO_COMMON_BLOCKS = YES;
				GCC_WARN_64_TO_32_BIT_CONVERSION = YES;
				GCC_WARN_ABOUT_RETURN_TYPE = YES_ERROR;
				GCC_WARN_UNDECLARED_SELECTOR = YES;
				GCC_WARN_UNINITIALIZED_AUTOS = YES_AGGRESSIVE;
				GCC_WARN_UNUSED_FUNCTION = YES;
				GCC_WARN_UNUSED_VARIABLE = YES;
				IPHONEOS_DEPLOYMENT_TARGET = 11.4;
				MTL_ENABLE_DEBUG_INFO = NO;
				SDKROOT = iphoneos;
				SWIFT_COMPILATION_MODE = wholemodule;
				SWIFT_OPTIMIZATION_LEVEL = "-O";
				VALIDATE_PRODUCT = YES;
			};
			name = Release;
		};
		F970982A214701B2009DEC43 /* Debug */ = {
			isa = XCBuildConfiguration;
			buildSettings = {
				ASSETCATALOG_COMPILER_APPICON_NAME = AppIcon;
				CODE_SIGN_STYLE = Automatic;
				INFOPLIST_FILE = Count/Info.plist;
				LD_RUNPATH_SEARCH_PATHS = (
					"$(inherited)",
					"@executable_path/Frameworks",
				);
				PRODUCT_BUNDLE_IDENTIFIER = com.RSUZUKI.Count;
				PRODUCT_NAME = "$(TARGET_NAME)";
				SWIFT_VERSION = 4.0;
				TARGETED_DEVICE_FAMILY = "1,2";
			};
			name = Debug;
		};
		F970982B214701B2009DEC43 /* Release */ = {
			isa = XCBuildConfiguration;
			buildSettings = {
				ASSETCATALOG_COMPILER_APPICON_NAME = AppIcon;
				CODE_SIGN_STYLE = Automatic;
				INFOPLIST_FILE = Count/Info.plist;
				LD_RUNPATH_SEARCH_PATHS = (
					"$(inherited)",
					"@executable_path/Frameworks",
				);
				PRODUCT_BUNDLE_IDENTIFIER = com.RSUZUKI.Count;
				PRODUCT_NAME = "$(TARGET_NAME)";
				SWIFT_VERSION = 4.0;
				TARGETED_DEVICE_FAMILY = "1,2";
			};
			name = Release;
		};
		F970982D214701B2009DEC43 /* Debug */ = {
			isa = XCBuildConfiguration;
			buildSettings = {
				ALWAYS_EMBED_SWIFT_STANDARD_LIBRARIES = YES;
				BUNDLE_LOADER = "$(TEST_HOST)";
				CODE_SIGN_STYLE = Automatic;
				INFOPLIST_FILE = CountTests/Info.plist;
				LD_RUNPATH_SEARCH_PATHS = (
					"$(inherited)",
					"@executable_path/Frameworks",
					"@loader_path/Frameworks",
				);
				PRODUCT_BUNDLE_IDENTIFIER = com.RSUZUKI.CountTests;
				PRODUCT_NAME = "$(TARGET_NAME)";
				SWIFT_VERSION = 4.0;
				TARGETED_DEVICE_FAMILY = "1,2";
				TEST_HOST = "$(BUILT_PRODUCTS_DIR)/Count.app/Count";
			};
			name = Debug;
		};
		F970982E214701B2009DEC43 /* Release */ = {
			isa = XCBuildConfiguration;
			buildSettings = {
				ALWAYS_EMBED_SWIFT_STANDARD_LIBRARIES = YES;
				BUNDLE_LOADER = "$(TEST_HOST)";
				CODE_SIGN_STYLE = Automatic;
				INFOPLIST_FILE = CountTests/Info.plist;
				LD_RUNPATH_SEARCH_PATHS = (
					"$(inherited)",
					"@executable_path/Frameworks",
					"@loader_path/Frameworks",
				);
				PRODUCT_BUNDLE_IDENTIFIER = com.RSUZUKI.CountTests;
				PRODUCT_NAME = "$(TARGET_NAME)";
				SWIFT_VERSION = 4.0;
				TARGETED_DEVICE_FAMILY = "1,2";
				TEST_HOST = "$(BUILT_PRODUCTS_DIR)/Count.app/Count";
			};
			name = Release;
		};
		F9709830214701B2009DEC43 /* Debug */ = {
			isa = XCBuildConfiguration;
			buildSettings = {
				ALWAYS_EMBED_SWIFT_STANDARD_LIBRARIES = YES;
				CODE_SIGN_STYLE = Automatic;
				INFOPLIST_FILE = CountUITests/Info.plist;
				LD_RUNPATH_SEARCH_PATHS = (
					"$(inherited)",
					"@executable_path/Frameworks",
					"@loader_path/Frameworks",
				);
				PRODUCT_BUNDLE_IDENTIFIER = com.RSUZUKI.CountUITests;
				PRODUCT_NAME = "$(TARGET_NAME)";
				SWIFT_VERSION = 4.0;
				TARGETED_DEVICE_FAMILY = "1,2";
				TEST_TARGET_NAME = Count;
			};
			name = Debug;
		};
		F9709831214701B2009DEC43 /* Release */ = {
			isa = XCBuildConfiguration;
			buildSettings = {
				ALWAYS_EMBED_SWIFT_STANDARD_LIBRARIES = YES;
				CODE_SIGN_STYLE = Automatic;
				INFOPLIST_FILE = CountUITests/Info.plist;
				LD_RUNPATH_SEARCH_PATHS = (
					"$(inherited)",
					"@executable_path/Frameworks",
					"@loader_path/Frameworks",
				);
				PRODUCT_BUNDLE_IDENTIFIER = com.RSUZUKI.CountUITests;
				PRODUCT_NAME = "$(TARGET_NAME)";
				SWIFT_VERSION = 4.0;
				TARGETED_DEVICE_FAMILY = "1,2";
				TEST_TARGET_NAME = Count;
			};
			name = Release;
		};
/* End XCBuildConfiguration section */

/* Begin XCConfigurationList section */
		F97097FC214701AF009DEC43 /* Build configuration list for PBXProject "Count" */ = {
			isa = XCConfigurationList;
			buildConfigurations = (
				F9709827214701B2009DEC43 /* Debug */,
				F9709828214701B2009DEC43 /* Release */,
			);
			defaultConfigurationIsVisible = 0;
			defaultConfigurationName = Release;
		};
		F9709829214701B2009DEC43 /* Build configuration list for PBXNativeTarget "Count" */ = {
			isa = XCConfigurationList;
			buildConfigurations = (
				F970982A214701B2009DEC43 /* Debug */,
				F970982B214701B2009DEC43 /* Release */,
			);
			defaultConfigurationIsVisible = 0;
			defaultConfigurationName = Release;
		};
		F970982C214701B2009DEC43 /* Build configuration list for PBXNativeTarget "CountTests" */ = {
			isa = XCConfigurationList;
			buildConfigurations = (
				F970982D214701B2009DEC43 /* Debug */,
				F970982E214701B2009DEC43 /* Release */,
			);
			defaultConfigurationIsVisible = 0;
			defaultConfigurationName = Release;
		};
		F970982F214701B2009DEC43 /* Build configuration list for PBXNativeTarget "CountUITests" */ = {
			isa = XCConfigurationList;
			buildConfigurations = (
				F9709830214701B2009DEC43 /* Debug */,
				F9709831214701B2009DEC43 /* Release */,
			);
			defaultConfigurationIsVisible = 0;
			defaultConfigurationName = Release;
		};
/* End XCConfigurationList section */
	};
	rootObject = F97097F9214701AF009DEC43 /* Project object */;
}
